
Microsoft Visual Studio Solution File, Format Version 12.00
# Visual Studio 15
VisualStudioVersion = 15.0.28010.2046
MinimumVisualStudioVersion = 10.0.40219.1
Project("{FAE04EC0-301F-11D3-BF4B-00C04F79EFBC}") = "dotNetWPF_03_9500_3292", "dotNetWPF_03_9500_3292\dotNetWPF_03_9500_3292.csproj", "{BF191E18-3112-48A2-B961-7CF004C4E72D}"
EndProject
Global
	GlobalSection(SolutionConfigurationPlatforms) = preSolution
		Debug|Any CPU = Debug|Any CPU
		Release|Any CPU = Release|Any CPU
	EndGlobalSection
	GlobalSection(ProjectConfigurationPlatforms) = postSolution
		{BF191E18-3112-48A2-B961-7CF004C4E72D}.Debug|Any CPU.ActiveCfg = Debug|Any CPU
		{BF191E18-3112-48A2-B961-7CF004C4E72D}.Debug|Any CPU.Build.0 = Debug|Any CPU
		{BF191E18-3112-48A2-B961-7CF004C4E72D}.Release|Any CPU.ActiveCfg = Release|Any CPU
		{BF191E18-3112-48A2-B961-7CF004C4E72D}.Release|Any CPU.Build.0 = Release|Any CPU
	EndGlobalSection
	GlobalSection(SolutionProperties) = preSolution
		HideSolutionNode = FALSE
	EndGlobalSection
	GlobalSection(ExtensibilityGlobals) = postSolution
		SolutionGuid = {367DE3C7-C980-4C62-A57D-69795B5A3E09}
	EndGlobalSection
EndGlobal
